github.com/gorilla/mux v1.8.0 h1:i40aqfkR1h2SlN9hojwV5ZA91wcXFOvkdNIeFDP5koI=
github.com/gorilla/mux v1.8.0/go.mod h1:DVbg23sWSpFRCP0SfiEN6jmj59UnW/n46BH5rLB71So=
github.com/tamchoor/go v0.0.0-20221202085637-77bf8035d0a3 h1:za54yOiO8JZeQPRqDa0IykpOwnK6VRq+7o5s61NgvHQ=
github.com/tamchoor/go v0.0.0-20221202085637-77bf8035d0a3/go.mod h1:ukdkFiieGDhE8x+TQXpfW5FMqEj1a9kMq+096QuTxlU=
